
Microsoft Visual Studio Solution File, Format Version 12.00
# Visual Studio 15
VisualStudioVersion = 15.0.27703.2047
MinimumVisualStudioVersion = 10.0.40219.1
Project("{8BC9CEB8-8B4A-11D0-8D11-00A0C91BC942}") = "tetrisLame", "tetrisLame\tetrisLame.vcxproj", "{203AE6C0-9524-41C5-A758-21F5A3326715}"
EndProject
Global
	GlobalSection(SolutionConfigurationPlatforms) = preSolution
		Debug|x64 = Debug|x64
		Debug|x86 = Debug|x86
		Release|x64 = Release|x64
		Release|x86 = Release|x86
	EndGlobalSection
	GlobalSection(ProjectConfigurationPlatforms) = postSolution
		{203AE6C0-9524-41C5-A758-21F5A3326715}.Debug|x64.ActiveCfg = Debug|x64
		{203AE6C0-9524-41C5-A758-21F5A3326715}.Debug|x64.Build.0 = Debug|x64
		{203AE6C0-9524-41C5-A758-21F5A3326715}.Debug|x86.ActiveCfg = Debug|Win32
		{203AE6C0-9524-41C5-A758-21F5A3326715}.Debug|x86.Build.0 = Debug|Win32
		{203AE6C0-9524-41C5-A758-21F5A3326715}.Release|x64.ActiveCfg = Release|x64
		{203AE6C0-9524-41C5-A758-21F5A3326715}.Release|x64.Build.0 = Release|x64
		{203AE6C0-9524-41C5-A758-21F5A3326715}.Release|x86.ActiveCfg = Release|Win32
		{203AE6C0-9524-41C5-A758-21F5A3326715}.Release|x86.Build.0 = Release|Win32
	EndGlobalSection
	GlobalSection(SolutionProperties) = preSolution
		HideSolutionNode = FALSE
	EndGlobalSection
	GlobalSection(ExtensibilityGlobals) = postSolution
		SolutionGuid = {BB35B509-1E3D-409D-BCF7-EF739A543CD7}
	EndGlobalSection
EndGlobal
